
Microsoft Visual Studio Solution File, Format Version 12.00
# Visual Studio Version 17
VisualStudioVersion = 17.4.33205.214
MinimumVisualStudioVersion = 10.0.40219.1
Project("{54A90642-561A-4BB1-A94E-469ADEE60C69}") = "mywebsite1", "mywebsite1.esproj", "{02D6C55F-F8D7-41C4-952B-7FBF5D873E80}"
EndProject
Global
	GlobalSection(SolutionConfigurationPlatforms) = preSolution
		Debug|Any CPU = Debug|Any CPU
		Release|Any CPU = Release|Any CPU
	EndGlobalSection
	GlobalSection(ProjectConfigurationPlatforms) = postSolution
		{02D6C55F-F8D7-41C4-952B-7FBF5D873E80}.Debug|Any CPU.ActiveCfg = Debug|Any CPU
		{02D6C55F-F8D7-41C4-952B-7FBF5D873E80}.Debug|Any CPU.Build.0 = Debug|Any CPU
		{02D6C55F-F8D7-41C4-952B-7FBF5D873E80}.Debug|Any CPU.Deploy.0 = Debug|Any CPU
		{02D6C55F-F8D7-41C4-952B-7FBF5D873E80}.Release|Any CPU.ActiveCfg = Release|Any CPU
		{02D6C55F-F8D7-41C4-952B-7FBF5D873E80}.Release|Any CPU.Build.0 = Release|Any CPU
		{02D6C55F-F8D7-41C4-952B-7FBF5D873E80}.Release|Any CPU.Deploy.0 = Release|Any CPU
	EndGlobalSection
	GlobalSection(SolutionProperties) = preSolution
		HideSolutionNode = FALSE
	EndGlobalSection
	GlobalSection(ExtensibilityGlobals) = postSolution
		SolutionGuid = {670209E7-0E9C-4FFB-AC9C-B3851B7B1F2D}
	EndGlobalSection
EndGlobal
